# THIS IS AN AUTOGENERATED FILE. DO NOT EDIT THIS FILE DIRECTLY.
# yarn lockfile v1


"@babel/generator@^7.15.0":
  "integrity" "sha1-p9DBcuDYFJdLrVqnes5UO5eRfxU="
  "resolved" "https://registry.nlark.com/@babel/generator/download/@babel/generator-7.15.0.tgz"
  "version" "7.15.0"
  dependencies:
    "@babel/types" "^7.15.0"
    "jsesc" "^2.5.1"
    "source-map" "^0.5.0"

"@babel/helper-plugin-utils@^7.14.5":
  "integrity" "sha1-WsgizpfuxGdBq3ClF5ceRDpwxak="
  "resolved" "https://registry.nlark.com/@babel/helper-plugin-utils/download/@babel/helper-plugin-utils-7.14.5.tgz"
  "version" "7.14.5"

"@babel/helper-validator-identifier@^7.14.9":
  "integrity" "sha1-ZlTRcbICT22O4VG/JQlpmRkTHUg="
  "resolved" "https://registry.nlark.com/@babel/helper-validator-identifier/download/@babel/helper-validator-identifier-7.14.9.tgz?cache=0&sync_timestamp=1627804430461&other_urls=https%3A%2F%2Fregistry.nlark.com%2F%40babel%2Fhelper-validator-identifier%2Fdownload%2F%40babel%2Fhelper-validator-identifier-7.14.9.tgz"
  "version" "7.14.9"

"@babel/types@^7.15.0":
  "integrity" "sha1-Ya8R8ihsTpxpyo3rX0N1pzxy3L0="
  "resolved" "https://registry.nlark.com/@babel/types/download/@babel/types-7.15.0.tgz?cache=0&sync_timestamp=1628111608723&other_urls=https%3A%2F%2Fregistry.nlark.com%2F%40babel%2Ftypes%2Fdownload%2F%40babel%2Ftypes-7.15.0.tgz"
  "version" "7.15.0"
  dependencies:
    "@babel/helper-validator-identifier" "^7.14.9"
    "to-fast-properties" "^2.0.0"

"doctrine@^3.0.0":
  "integrity" "sha1-rd6+rXKmV023g2OdyHoSF3OXOWE="
  "resolved" "https://registry.nlark.com/doctrine/download/doctrine-3.0.0.tgz"
  "version" "3.0.0"
  dependencies:
    "esutils" "^2.0.2"

"esutils@^2.0.2":
  "integrity" "sha1-dNLrTeC42hKTcRkQ1Qd1ubcQ72Q="
  "resolved" "https://registry.nlark.com/esutils/download/esutils-2.0.3.tgz"
  "version" "2.0.3"

"fs-extra@^10.0.0":
  "integrity" "sha1-n/YbZV3eU/s0qC34S7IUzoAuF8E= sha512-C5owb14u9eJwizKGdchcDUQeFtlSHHthBk8pbX9Vc1PFZrLombudjDnNns88aYslCyF6IY5SUw3Roz6xShcEIQ=="
  "resolved" "https://registry.nlark.com/fs-extra/download/fs-extra-10.0.0.tgz"
  "version" "10.0.0"
  dependencies:
    "graceful-fs" "^4.2.0"
    "jsonfile" "^6.0.1"
    "universalify" "^2.0.0"

"graceful-fs@^4.1.6", "graceful-fs@^4.2.0":
  "integrity" "sha1-5BK40z9eAGWTy9PO5t+fLOu+gCo="
  "resolved" "https://registry.nlark.com/graceful-fs/download/graceful-fs-4.2.8.tgz?cache=0&sync_timestamp=1628194078324&other_urls=https%3A%2F%2Fregistry.nlark.com%2Fgraceful-fs%2Fdownload%2Fgraceful-fs-4.2.8.tgz"
  "version" "4.2.8"

"jsesc@^2.5.1":
  "integrity" "sha1-gFZNLkg9rPbo7yCWUKZ98/DCg6Q="
  "resolved" "https://registry.nlark.com/jsesc/download/jsesc-2.5.2.tgz"
  "version" "2.5.2"

"jsonfile@^6.0.1":
  "integrity" "sha1-vFWyY0eTxnnsZAMJTrE2mKbsCq4="
  "resolved" "https://registry.nlark.com/jsonfile/download/jsonfile-6.1.0.tgz"
  "version" "6.1.0"
  dependencies:
    "universalify" "^2.0.0"
  optionalDependencies:
    "graceful-fs" "^4.1.6"

"source-map@^0.5.0":
  "integrity" "sha1-igOdLRAh0i0eoUyA2OpGi6LvP8w="
  "resolved" "https://registry.nlark.com/source-map/download/source-map-0.5.7.tgz"
  "version" "0.5.7"

"to-fast-properties@^2.0.0":
  "integrity" "sha1-3F5pjL0HkmW8c+A3doGk5Og/YW4="
  "resolved" "https://registry.nlark.com/to-fast-properties/download/to-fast-properties-2.0.0.tgz?cache=0&sync_timestamp=1628418893613&other_urls=https%3A%2F%2Fregistry.nlark.com%2Fto-fast-properties%2Fdownload%2Fto-fast-properties-2.0.0.tgz"
  "version" "2.0.0"

"universalify@^2.0.0":
  "integrity" "sha1-daSYTv7cSwiXXFrrc/Uw0C3yVxc="
  "resolved" "https://registry.nlark.com/universalify/download/universalify-2.0.0.tgz"
  "version" "2.0.0"
